
Microsoft Visual Studio Solution File, Format Version 12.00
# Visual Studio Version 17
VisualStudioVersion = 17.5.33414.496
MinimumVisualStudioVersion = 10.0.40219.1
Project("{FAE04EC0-301F-11D3-BF4B-00C04F79EFBC}") = "CriptaLab12", "CriptaLab12\CriptaLab12.csproj", "{B51108D4-F9B5-4889-85F1-506E782C654C}"
EndProject
Global
	GlobalSection(SolutionConfigurationPlatforms) = preSolution
		Debug|Any CPU = Debug|Any CPU
		Release|Any CPU = Release|Any CPU
	EndGlobalSection
	GlobalSection(ProjectConfigurationPlatforms) = postSolution
		{B51108D4-F9B5-4889-85F1-506E782C654C}.Debug|Any CPU.ActiveCfg = Debug|Any CPU
		{B51108D4-F9B5-4889-85F1-506E782C654C}.Debug|Any CPU.Build.0 = Debug|Any CPU
		{B51108D4-F9B5-4889-85F1-506E782C654C}.Release|Any CPU.ActiveCfg = Release|Any CPU
		{B51108D4-F9B5-4889-85F1-506E782C654C}.Release|Any CPU.Build.0 = Release|Any CPU
	EndGlobalSection
	GlobalSection(SolutionProperties) = preSolution
		HideSolutionNode = FALSE
	EndGlobalSection
	GlobalSection(ExtensibilityGlobals) = postSolution
		SolutionGuid = {D138744A-ECCE-4F73-BE7F-8A2E1F3EFB97}
	EndGlobalSection
EndGlobal
