
Microsoft Visual Studio Solution File, Format Version 12.00
# Visual Studio Version 17
VisualStudioVersion = 17.5.33414.496
MinimumVisualStudioVersion = 10.0.40219.1
Project("{9A19103F-16F7-4668-BE54-9A1E7A4F7556}") = "Lab10Cripta", "Lab10Cripta\Lab10Cripta.csproj", "{CC4FFBC6-88DF-4C26-9791-DF12CCB824B2}"
EndProject
Project("{9A19103F-16F7-4668-BE54-9A1E7A4F7556}") = "RSA", "RSA\RSA.csproj", "{F2BD3042-3841-440A-9642-6F1CF4484E64}"
EndProject
Project("{FAE04EC0-301F-11D3-BF4B-00C04F79EFBC}") = "Gamalb", "Gamalb\Gamalb.csproj", "{6A5D828B-CCFE-4542-B95D-16DACC7DEBD9}"
EndProject
Global
	GlobalSection(SolutionConfigurationPlatforms) = preSolution
		Debug|Any CPU = Debug|Any CPU
		Release|Any CPU = Release|Any CPU
	EndGlobalSection
	GlobalSection(ProjectConfigurationPlatforms) = postSolution
		{CC4FFBC6-88DF-4C26-9791-DF12CCB824B2}.Debug|Any CPU.ActiveCfg = Debug|Any CPU
		{CC4FFBC6-88DF-4C26-9791-DF12CCB824B2}.Debug|Any CPU.Build.0 = Debug|Any CPU
		{CC4FFBC6-88DF-4C26-9791-DF12CCB824B2}.Release|Any CPU.ActiveCfg = Release|Any CPU
		{CC4FFBC6-88DF-4C26-9791-DF12CCB824B2}.Release|Any CPU.Build.0 = Release|Any CPU
		{F2BD3042-3841-440A-9642-6F1CF4484E64}.Debug|Any CPU.ActiveCfg = Debug|Any CPU
		{F2BD3042-3841-440A-9642-6F1CF4484E64}.Debug|Any CPU.Build.0 = Debug|Any CPU
		{F2BD3042-3841-440A-9642-6F1CF4484E64}.Release|Any CPU.ActiveCfg = Release|Any CPU
		{F2BD3042-3841-440A-9642-6F1CF4484E64}.Release|Any CPU.Build.0 = Release|Any CPU
		{6A5D828B-CCFE-4542-B95D-16DACC7DEBD9}.Debug|Any CPU.ActiveCfg = Debug|Any CPU
		{6A5D828B-CCFE-4542-B95D-16DACC7DEBD9}.Debug|Any CPU.Build.0 = Debug|Any CPU
		{6A5D828B-CCFE-4542-B95D-16DACC7DEBD9}.Release|Any CPU.ActiveCfg = Release|Any CPU
		{6A5D828B-CCFE-4542-B95D-16DACC7DEBD9}.Release|Any CPU.Build.0 = Release|Any CPU
	EndGlobalSection
	GlobalSection(SolutionProperties) = preSolution
		HideSolutionNode = FALSE
	EndGlobalSection
	GlobalSection(ExtensibilityGlobals) = postSolution
		SolutionGuid = {0E0D98ED-6385-40D2-8784-D6BB3A6FECAF}
	EndGlobalSection
EndGlobal
