
Microsoft Visual Studio Solution File, Format Version 12.00
# Visual Studio Version 17
VisualStudioVersion = 17.5.33414.496
MinimumVisualStudioVersion = 10.0.40219.1
Project("{FAE04EC0-301F-11D3-BF4B-00C04F79EFBC}") = "CriptaLab15", "CriptaLab15\CriptaLab15.csproj", "{AAEF9EEA-8B2C-4F54-A026-61D4810EE2A4}"
EndProject
Global
	GlobalSection(SolutionConfigurationPlatforms) = preSolution
		Debug|Any CPU = Debug|Any CPU
		Release|Any CPU = Release|Any CPU
	EndGlobalSection
	GlobalSection(ProjectConfigurationPlatforms) = postSolution
		{AAEF9EEA-8B2C-4F54-A026-61D4810EE2A4}.Debug|Any CPU.ActiveCfg = Debug|Any CPU
		{AAEF9EEA-8B2C-4F54-A026-61D4810EE2A4}.Debug|Any CPU.Build.0 = Debug|Any CPU
		{AAEF9EEA-8B2C-4F54-A026-61D4810EE2A4}.Release|Any CPU.ActiveCfg = Release|Any CPU
		{AAEF9EEA-8B2C-4F54-A026-61D4810EE2A4}.Release|Any CPU.Build.0 = Release|Any CPU
	EndGlobalSection
	GlobalSection(SolutionProperties) = preSolution
		HideSolutionNode = FALSE
	EndGlobalSection
	GlobalSection(ExtensibilityGlobals) = postSolution
		SolutionGuid = {401E2CF8-74E4-439F-8814-2AC1A603CB1D}
	EndGlobalSection
EndGlobal
