
Microsoft Visual Studio Solution File, Format Version 12.00
# Visual Studio Version 17
VisualStudioVersion = 17.3.32819.101
MinimumVisualStudioVersion = 10.0.40219.1
Project("{9A19103F-16F7-4668-BE54-9A1E7A4F7556}") = "Lab2", "Lab2\Lab2.csproj", "{61C26E4B-8408-4576-853A-FA055BCDA92E}"
EndProject
Project("{2150E333-8FDC-42A3-9474-1A3956D46DE8}") = "Элементы решения", "Элементы решения", "{FA09C7A7-BA33-4A3A-BFAD-2527CFC577AC}"
	ProjectSection(SolutionItems) = preProject
		bin.txt = bin.txt
		Lab2\bin\Debug\net6.0\engText.txt = Lab2\bin\Debug\net6.0\engText.txt
		Lab2\bin\Debug\net6.0\text.txt = Lab2\bin\Debug\net6.0\text.txt
	EndProjectSection
EndProject
Global
	GlobalSection(SolutionConfigurationPlatforms) = preSolution
		Debug|Any CPU = Debug|Any CPU
		Release|Any CPU = Release|Any CPU
	EndGlobalSection
	GlobalSection(ProjectConfigurationPlatforms) = postSolution
		{61C26E4B-8408-4576-853A-FA055BCDA92E}.Debug|Any CPU.ActiveCfg = Debug|Any CPU
		{61C26E4B-8408-4576-853A-FA055BCDA92E}.Debug|Any CPU.Build.0 = Debug|Any CPU
		{61C26E4B-8408-4576-853A-FA055BCDA92E}.Release|Any CPU.ActiveCfg = Release|Any CPU
		{61C26E4B-8408-4576-853A-FA055BCDA92E}.Release|Any CPU.Build.0 = Release|Any CPU
	EndGlobalSection
	GlobalSection(SolutionProperties) = preSolution
		HideSolutionNode = FALSE
	EndGlobalSection
	GlobalSection(ExtensibilityGlobals) = postSolution
		SolutionGuid = {6F1D7EC3-2973-4495-AF81-F20ADC10367D}
	EndGlobalSection
EndGlobal
